
Microsoft Visual Studio Solution File, Format Version 12.00
# Visual Studio 2013
VisualStudioVersion = 12.0.30723.0
MinimumVisualStudioVersion = 10.0.40219.1
Project("{FAE04EC0-301F-11D3-BF4B-00C04F79EFBC}") = "Tesla", "Tesla\Tesla.csproj", "{D27077AC-2E22-49EF-9498-F2F023412D2A}"
EndProject
Project("{FAE04EC0-301F-11D3-BF4B-00C04F79EFBC}") = "Tesla.Storage", "Tesla.Storage\Tesla.Storage.csproj", "{BB3F9694-8084-4B4F-A6C7-03CCB78ACC37}"
EndProject
Project("{2150E333-8FDC-42A3-9474-1A3956D46DE8}") = "Tests", "Tests", "{34EE7C49-BF0C-4AC4-99FC-AA36888A263E}"
EndProject
Project("{FAE04EC0-301F-11D3-BF4B-00C04F79EFBC}") = "Sandbox", "Sandbox\Sandbox.csproj", "{377D9AE0-251A-4774-B932-4E74E037B391}"
EndProject
Project("{FAE04EC0-301F-11D3-BF4B-00C04F79EFBC}") = "Tesla.Tests", "Tesla.Tests\Tesla.Tests.csproj", "{43DE055F-DA1A-4C83-A9DC-D265D3610695}"
EndProject
Project("{FAE04EC0-301F-11D3-BF4B-00C04F79EFBC}") = "Tesla.Cryptography", "Tesla.Cryptography\Tesla.Cryptography.csproj", "{A336D892-5080-4689-B3BD-13AE76339886}"
EndProject
Project("{FAE04EC0-301F-11D3-BF4B-00C04F79EFBC}") = "Tesla.Cryptography.Tests", "Tesla.Cryptography.Tests\Tesla.Cryptography.Tests.csproj", "{9913B878-C01A-4AB0-968B-14FB80199442}"
EndProject
Global
	GlobalSection(SolutionConfigurationPlatforms) = preSolution
		Debug|Any CPU = Debug|Any CPU
		Release|Any CPU = Release|Any CPU
	EndGlobalSection
	GlobalSection(ProjectConfigurationPlatforms) = postSolution
		{D27077AC-2E22-49EF-9498-F2F023412D2A}.Debug|Any CPU.ActiveCfg = Debug|Any CPU
		{D27077AC-2E22-49EF-9498-F2F023412D2A}.Debug|Any CPU.Build.0 = Debug|Any CPU
		{D27077AC-2E22-49EF-9498-F2F023412D2A}.Release|Any CPU.ActiveCfg = Release|Any CPU
		{D27077AC-2E22-49EF-9498-F2F023412D2A}.Release|Any CPU.Build.0 = Release|Any CPU
		{BB3F9694-8084-4B4F-A6C7-03CCB78ACC37}.Debug|Any CPU.ActiveCfg = Debug|Any CPU
		{BB3F9694-8084-4B4F-A6C7-03CCB78ACC37}.Debug|Any CPU.Build.0 = Debug|Any CPU
		{BB3F9694-8084-4B4F-A6C7-03CCB78ACC37}.Release|Any CPU.ActiveCfg = Release|Any CPU
		{BB3F9694-8084-4B4F-A6C7-03CCB78ACC37}.Release|Any CPU.Build.0 = Release|Any CPU
		{377D9AE0-251A-4774-B932-4E74E037B391}.Debug|Any CPU.ActiveCfg = Debug|Any CPU
		{377D9AE0-251A-4774-B932-4E74E037B391}.Debug|Any CPU.Build.0 = Debug|Any CPU
		{377D9AE0-251A-4774-B932-4E74E037B391}.Release|Any CPU.ActiveCfg = Release|Any CPU
		{377D9AE0-251A-4774-B932-4E74E037B391}.Release|Any CPU.Build.0 = Release|Any CPU
		{43DE055F-DA1A-4C83-A9DC-D265D3610695}.Debug|Any CPU.ActiveCfg = Debug|Any CPU
		{43DE055F-DA1A-4C83-A9DC-D265D3610695}.Debug|Any CPU.Build.0 = Debug|Any CPU
		{43DE055F-DA1A-4C83-A9DC-D265D3610695}.Release|Any CPU.ActiveCfg = Release|Any CPU
		{43DE055F-DA1A-4C83-A9DC-D265D3610695}.Release|Any CPU.Build.0 = Release|Any CPU
		{A336D892-5080-4689-B3BD-13AE76339886}.Debug|Any CPU.ActiveCfg = Debug|Any CPU
		{A336D892-5080-4689-B3BD-13AE76339886}.Debug|Any CPU.Build.0 = Debug|Any CPU
		{A336D892-5080-4689-B3BD-13AE76339886}.Release|Any CPU.ActiveCfg = Release|Any CPU
		{A336D892-5080-4689-B3BD-13AE76339886}.Release|Any CPU.Build.0 = Release|Any CPU
		{9913B878-C01A-4AB0-968B-14FB80199442}.Debug|Any CPU.ActiveCfg = Debug|Any CPU
		{9913B878-C01A-4AB0-968B-14FB80199442}.Debug|Any CPU.Build.0 = Debug|Any CPU
		{9913B878-C01A-4AB0-968B-14FB80199442}.Release|Any CPU.ActiveCfg = Release|Any CPU
		{9913B878-C01A-4AB0-968B-14FB80199442}.Release|Any CPU.Build.0 = Release|Any CPU
	EndGlobalSection
	GlobalSection(SolutionProperties) = preSolution
		HideSolutionNode = FALSE
	EndGlobalSection
	GlobalSection(NestedProjects) = preSolution
		{377D9AE0-251A-4774-B932-4E74E037B391} = {34EE7C49-BF0C-4AC4-99FC-AA36888A263E}
		{43DE055F-DA1A-4C83-A9DC-D265D3610695} = {34EE7C49-BF0C-4AC4-99FC-AA36888A263E}
		{9913B878-C01A-4AB0-968B-14FB80199442} = {34EE7C49-BF0C-4AC4-99FC-AA36888A263E}
	EndGlobalSection
EndGlobal
